
Microsoft Visual Studio Solution File, Format Version 12.00
# Visual Studio 2013
VisualStudioVersion = 12.0.21005.1
MinimumVisualStudioVersion = 10.0.40219.1
Project("{FAE04EC0-301F-11D3-BF4B-00C04F79EFBC}") = "Contact Management_MVC", "Contact Management_MVC\Contact Management_MVC.csproj", "{B34E1468-F413-4347-BB3F-11CD3474B374}"
EndProject
Project("{FAE04EC0-301F-11D3-BF4B-00C04F79EFBC}") = "Contact Management_MVC.Tests", "Contact Management_MVC.Tests\Contact Management_MVC.Tests.csproj", "{EF12CB5E-721E-4BDE-91FE-F452C58BFAD3}"
EndProject
Project("{F088123C-0E9E-452A-89E6-6BA2F21D5CAC}") = "ModelingProject1", "ModelingProject1\ModelingProject1.modelproj", "{66296725-1CD5-4EEB-9F42-63DAC80B44BC}"
EndProject
Global
	GlobalSection(SolutionConfigurationPlatforms) = preSolution
		Debug|Any CPU = Debug|Any CPU
		Release|Any CPU = Release|Any CPU
	EndGlobalSection
	GlobalSection(ProjectConfigurationPlatforms) = postSolution
		{B34E1468-F413-4347-BB3F-11CD3474B374}.Debug|Any CPU.ActiveCfg = Debug|Any CPU
		{B34E1468-F413-4347-BB3F-11CD3474B374}.Debug|Any CPU.Build.0 = Debug|Any CPU
		{B34E1468-F413-4347-BB3F-11CD3474B374}.Release|Any CPU.ActiveCfg = Release|Any CPU
		{B34E1468-F413-4347-BB3F-11CD3474B374}.Release|Any CPU.Build.0 = Release|Any CPU
		{EF12CB5E-721E-4BDE-91FE-F452C58BFAD3}.Debug|Any CPU.ActiveCfg = Debug|Any CPU
		{EF12CB5E-721E-4BDE-91FE-F452C58BFAD3}.Debug|Any CPU.Build.0 = Debug|Any CPU
		{EF12CB5E-721E-4BDE-91FE-F452C58BFAD3}.Release|Any CPU.ActiveCfg = Release|Any CPU
		{EF12CB5E-721E-4BDE-91FE-F452C58BFAD3}.Release|Any CPU.Build.0 = Release|Any CPU
		{66296725-1CD5-4EEB-9F42-63DAC80B44BC}.Debug|Any CPU.ActiveCfg = Debug|Any CPU
		{66296725-1CD5-4EEB-9F42-63DAC80B44BC}.Debug|Any CPU.Build.0 = Debug|Any CPU
		{66296725-1CD5-4EEB-9F42-63DAC80B44BC}.Release|Any CPU.ActiveCfg = Release|Any CPU
		{66296725-1CD5-4EEB-9F42-63DAC80B44BC}.Release|Any CPU.Build.0 = Release|Any CPU
	EndGlobalSection
	GlobalSection(SolutionProperties) = preSolution
		HideSolutionNode = FALSE
	EndGlobalSection
EndGlobal
