
Microsoft Visual Studio Solution File, Format Version 12.00
# Visual Studio 14
VisualStudioVersion = 14.0.25123.0
MinimumVisualStudioVersion = 10.0.40219.1
Project("{FAE04EC0-301F-11D3-BF4B-00C04F79EFBC}") = "AngularJSAuthentication.API", "AngularJSAuthentication.API\AngularJSAuthentication.API.csproj", "{021DBD85-E045-478B-B4ED-210002FE2EA1}"
EndProject
Project("{FAE04EC0-301F-11D3-BF4B-00C04F79EFBC}") = "AngularJSAuthentication.Web", "AngularJSAuthentication.Web\AngularJSAuthentication.Web.csproj", "{786993E5-DB0D-4FCA-B767-CC03F32495BD}"
EndProject
Project("{FAE04EC0-301F-11D3-BF4B-00C04F79EFBC}") = "AngularJSAuthentication.API.Old", "AngularJSAuthentication Old\AngularJSAuthentication.API\AngularJSAuthentication.API.Old.csproj", "{10E19151-1467-42CA-B139-F50A70E55AED}"
EndProject
Global
	GlobalSection(SolutionConfigurationPlatforms) = preSolution
		Debug|Any CPU = Debug|Any CPU
		Release|Any CPU = Release|Any CPU
	EndGlobalSection
	GlobalSection(ProjectConfigurationPlatforms) = postSolution
		{021DBD85-E045-478B-B4ED-210002FE2EA1}.Debug|Any CPU.ActiveCfg = Debug|Any CPU
		{021DBD85-E045-478B-B4ED-210002FE2EA1}.Debug|Any CPU.Build.0 = Debug|Any CPU
		{021DBD85-E045-478B-B4ED-210002FE2EA1}.Release|Any CPU.ActiveCfg = Release|Any CPU
		{021DBD85-E045-478B-B4ED-210002FE2EA1}.Release|Any CPU.Build.0 = Release|Any CPU
		{786993E5-DB0D-4FCA-B767-CC03F32495BD}.Debug|Any CPU.ActiveCfg = Debug|Any CPU
		{786993E5-DB0D-4FCA-B767-CC03F32495BD}.Debug|Any CPU.Build.0 = Debug|Any CPU
		{786993E5-DB0D-4FCA-B767-CC03F32495BD}.Release|Any CPU.ActiveCfg = Release|Any CPU
		{786993E5-DB0D-4FCA-B767-CC03F32495BD}.Release|Any CPU.Build.0 = Release|Any CPU
		{10E19151-1467-42CA-B139-F50A70E55AED}.Debug|Any CPU.ActiveCfg = Debug|Any CPU
		{10E19151-1467-42CA-B139-F50A70E55AED}.Debug|Any CPU.Build.0 = Debug|Any CPU
		{10E19151-1467-42CA-B139-F50A70E55AED}.Release|Any CPU.ActiveCfg = Release|Any CPU
		{10E19151-1467-42CA-B139-F50A70E55AED}.Release|Any CPU.Build.0 = Release|Any CPU
	EndGlobalSection
	GlobalSection(SolutionProperties) = preSolution
		HideSolutionNode = FALSE
	EndGlobalSection
EndGlobal
