
Microsoft Visual Studio Solution File, Format Version 12.00
# Visual Studio 14
VisualStudioVersion = 14.0.25123.0
MinimumVisualStudioVersion = 10.0.40219.1
Project("{FAE04EC0-301F-11D3-BF4B-00C04F79EFBC}") = "AuthorizationServer.Api", "JsonWebTokensWebApi\AuthorizationServer.Api.csproj", "{5EBE5F75-78AE-4D5D-B07D-F7CBF0946F20}"
EndProject
Project("{FAE04EC0-301F-11D3-BF4B-00C04F79EFBC}") = "ResourceServer.Api", "ResourceServer.Api\ResourceServer.Api.csproj", "{2427917A-EE55-425A-98D5-222B38400102}"
EndProject
Global
	GlobalSection(SolutionConfigurationPlatforms) = preSolution
		Debug|Any CPU = Debug|Any CPU
		Release|Any CPU = Release|Any CPU
	EndGlobalSection
	GlobalSection(ProjectConfigurationPlatforms) = postSolution
		{5EBE5F75-78AE-4D5D-B07D-F7CBF0946F20}.Debug|Any CPU.ActiveCfg = Debug|Any CPU
		{5EBE5F75-78AE-4D5D-B07D-F7CBF0946F20}.Debug|Any CPU.Build.0 = Debug|Any CPU
		{5EBE5F75-78AE-4D5D-B07D-F7CBF0946F20}.Release|Any CPU.ActiveCfg = Release|Any CPU
		{5EBE5F75-78AE-4D5D-B07D-F7CBF0946F20}.Release|Any CPU.Build.0 = Release|Any CPU
		{2427917A-EE55-425A-98D5-222B38400102}.Debug|Any CPU.ActiveCfg = Debug|Any CPU
		{2427917A-EE55-425A-98D5-222B38400102}.Debug|Any CPU.Build.0 = Debug|Any CPU
		{2427917A-EE55-425A-98D5-222B38400102}.Release|Any CPU.ActiveCfg = Release|Any CPU
		{2427917A-EE55-425A-98D5-222B38400102}.Release|Any CPU.Build.0 = Release|Any CPU
	EndGlobalSection
	GlobalSection(SolutionProperties) = preSolution
		HideSolutionNode = FALSE
	EndGlobalSection
EndGlobal
